
Microsoft Visual Studio Solution File, Format Version 12.00
# Visual Studio Version 17
VisualStudioVersion = 17.7.34009.444
MinimumVisualStudioVersion = 10.0.40219.1
Project("{9A19103F-16F7-4668-BE54-9A1E7A4F7556}") = "Algorand.algonode.sdk.net", "Algorand.algonode.sdk.net\Algorand.algonode.sdk.net.csproj", "{54EB3A8F-43B0-436C-A831-C0C568CB1961}"
EndProject
Project("{9A19103F-16F7-4668-BE54-9A1E7A4F7556}") = "Algorand.algonode.sdk.net.Tests", "Algorand.algonode.sdk.net.Tests\Algorand.algonode.sdk.net.Tests.csproj", "{504567BE-22BC-406F-AB23-C9807ADD0F8C}"
EndProject
Global
	GlobalSection(SolutionConfigurationPlatforms) = preSolution
		Debug|Any CPU = Debug|Any CPU
		Release|Any CPU = Release|Any CPU
	EndGlobalSection
	GlobalSection(ProjectConfigurationPlatforms) = postSolution
		{54EB3A8F-43B0-436C-A831-C0C568CB1961}.Debug|Any CPU.ActiveCfg = Debug|Any CPU
		{54EB3A8F-43B0-436C-A831-C0C568CB1961}.Debug|Any CPU.Build.0 = Debug|Any CPU
		{54EB3A8F-43B0-436C-A831-C0C568CB1961}.Release|Any CPU.ActiveCfg = Release|Any CPU
		{54EB3A8F-43B0-436C-A831-C0C568CB1961}.Release|Any CPU.Build.0 = Release|Any CPU
		{504567BE-22BC-406F-AB23-C9807ADD0F8C}.Debug|Any CPU.ActiveCfg = Debug|Any CPU
		{504567BE-22BC-406F-AB23-C9807ADD0F8C}.Debug|Any CPU.Build.0 = Debug|Any CPU
		{504567BE-22BC-406F-AB23-C9807ADD0F8C}.Release|Any CPU.ActiveCfg = Release|Any CPU
		{504567BE-22BC-406F-AB23-C9807ADD0F8C}.Release|Any CPU.Build.0 = Release|Any CPU
	EndGlobalSection
	GlobalSection(SolutionProperties) = preSolution
		HideSolutionNode = FALSE
	EndGlobalSection
	GlobalSection(ExtensibilityGlobals) = postSolution
		SolutionGuid = {4A4B6648-C89E-40BB-9141-CAE9A358822A}
	EndGlobalSection
EndGlobal
